
Microsoft Visual Studio Solution File, Format Version 12.00
# Visual Studio Version 17
VisualStudioVersion = 17.8.34330.188
MinimumVisualStudioVersion = 10.0.40219.1
Project("{FAE04EC0-301F-11D3-BF4B-00C04F79EFBC}") = "Aiterrainn", "Aiterrainn.csproj", "{7574B4BC-55E5-4F3C-988B-E19290BCA71F}"
EndProject
Global
	GlobalSection(SolutionConfigurationPlatforms) = preSolution
		Debug|Any CPU = Debug|Any CPU
		Release|Any CPU = Release|Any CPU
	EndGlobalSection
	GlobalSection(ProjectConfigurationPlatforms) = postSolution
		{7574B4BC-55E5-4F3C-988B-E19290BCA71F}.Debug|Any CPU.ActiveCfg = Debug|Any CPU
		{7574B4BC-55E5-4F3C-988B-E19290BCA71F}.Debug|Any CPU.Build.0 = Debug|Any CPU
		{7574B4BC-55E5-4F3C-988B-E19290BCA71F}.Debug|Any CPU.Deploy.0 = Debug|Any CPU
		{7574B4BC-55E5-4F3C-988B-E19290BCA71F}.Release|Any CPU.ActiveCfg = Release|Any CPU
		{7574B4BC-55E5-4F3C-988B-E19290BCA71F}.Release|Any CPU.Build.0 = Release|Any CPU
		{7574B4BC-55E5-4F3C-988B-E19290BCA71F}.Release|Any CPU.Deploy.0 = Release|Any CPU
	EndGlobalSection
	GlobalSection(SolutionProperties) = preSolution
		HideSolutionNode = FALSE
	EndGlobalSection
	GlobalSection(ExtensibilityGlobals) = postSolution
		SolutionGuid = {5D639A67-0A2E-4849-9290-ED4A6B267A1B}
	EndGlobalSection
EndGlobal
